
Microsoft Visual Studio Solution File, Format Version 12.00
# Visual Studio Version 16
VisualStudioVersion = 16.0.30114.105
MinimumVisualStudioVersion = 10.0.40219.1
Project("{FAE04EC0-301F-11D3-BF4B-00C04F79EFBC}") = "APP_FOOD.UWP", "APP_FOOD.UWP\APP_FOOD.UWP.csproj", "{1EDECB53-3D7E-48FE-A6EA-60643AD571F0}"
EndProject
Project("{FAE04EC0-301F-11D3-BF4B-00C04F79EFBC}") = "APP_FOOD.Android", "APP_FOOD.Android\APP_FOOD.Android.csproj", "{BA928532-B5C8-487A-AAEF-62BD49929470}"
EndProject
Project("{FAE04EC0-301F-11D3-BF4B-00C04F79EFBC}") = "APP_FOOD.iOS", "APP_FOOD.iOS\APP_FOOD.iOS.csproj", "{6AA3301E-54BD-4249-9BED-5E18594E1D97}"
EndProject
Project("{FAE04EC0-301F-11D3-BF4B-00C04F79EFBC}") = "APP_FOOD", "APP_FOOD\APP_FOOD.csproj", "{072D1778-8B19-4173-8DFA-215C959DF4AB}"
EndProject
Global
	GlobalSection(SolutionConfigurationPlatforms) = preSolution
		Debug|Any CPU = Debug|Any CPU
		Debug|ARM = Debug|ARM
		Debug|iPhone = Debug|iPhone
		Debug|iPhoneSimulator = Debug|iPhoneSimulator
		Debug|x64 = Debug|x64
		Debug|x86 = Debug|x86
		Release|Any CPU = Release|Any CPU
		Release|ARM = Release|ARM
		Release|iPhone = Release|iPhone
		Release|iPhoneSimulator = Release|iPhoneSimulator
		Release|x64 = Release|x64
		Release|x86 = Release|x86
	EndGlobalSection
	GlobalSection(ProjectConfigurationPlatforms) = postSolution
		{1EDECB53-3D7E-48FE-A6EA-60643AD571F0}.Debug|Any CPU.ActiveCfg = Debug|x86
		{1EDECB53-3D7E-48FE-A6EA-60643AD571F0}.Debug|Any CPU.Build.0 = Debug|x86
		{1EDECB53-3D7E-48FE-A6EA-60643AD571F0}.Debug|Any CPU.Deploy.0 = Debug|x86
		{1EDECB53-3D7E-48FE-A6EA-60643AD571F0}.Debug|ARM.ActiveCfg = Debug|ARM
		{1EDECB53-3D7E-48FE-A6EA-60643AD571F0}.Debug|ARM.Build.0 = Debug|ARM
		{1EDECB53-3D7E-48FE-A6EA-60643AD571F0}.Debug|ARM.Deploy.0 = Debug|ARM
		{1EDECB53-3D7E-48FE-A6EA-60643AD571F0}.Debug|iPhone.ActiveCfg = Debug|x86
		{1EDECB53-3D7E-48FE-A6EA-60643AD571F0}.Debug|iPhone.Build.0 = Debug|x86
		{1EDECB53-3D7E-48FE-A6EA-60643AD571F0}.Debug|iPhone.Deploy.0 = Debug|x86
		{1EDECB53-3D7E-48FE-A6EA-60643AD571F0}.Debug|iPhoneSimulator.ActiveCfg = Debug|x86
		{1EDECB53-3D7E-48FE-A6EA-60643AD571F0}.Debug|iPhoneSimulator.Build.0 = Debug|x86
		{1EDECB53-3D7E-48FE-A6EA-60643AD571F0}.Debug|iPhoneSimulator.Deploy.0 = Debug|x86
		{1EDECB53-3D7E-48FE-A6EA-60643AD571F0}.Debug|x64.ActiveCfg = Debug|x64
		{1EDECB53-3D7E-48FE-A6EA-60643AD571F0}.Debug|x64.Build.0 = Debug|x64
		{1EDECB53-3D7E-48FE-A6EA-60643AD571F0}.Debug|x64.Deploy.0 = Debug|x64
		{1EDECB53-3D7E-48FE-A6EA-60643AD571F0}.Debug|x86.ActiveCfg = Debug|x86
		{1EDECB53-3D7E-48FE-A6EA-60643AD571F0}.Debug|x86.Build.0 = Debug|x86
		{1EDECB53-3D7E-48FE-A6EA-60643AD571F0}.Debug|x86.Deploy.0 = Debug|x86
		{1EDECB53-3D7E-48FE-A6EA-60643AD571F0}.Release|Any CPU.ActiveCfg = Release|x86
		{1EDECB53-3D7E-48FE-A6EA-60643AD571F0}.Release|Any CPU.Build.0 = Release|x86
		{1EDECB53-3D7E-48FE-A6EA-60643AD571F0}.Release|Any CPU.Deploy.0 = Release|x86
		{1EDECB53-3D7E-48FE-A6EA-60643AD571F0}.Release|ARM.ActiveCfg = Release|ARM
		{1EDECB53-3D7E-48FE-A6EA-60643AD571F0}.Release|ARM.Build.0 = Release|ARM
		{1EDECB53-3D7E-48FE-A6EA-60643AD571F0}.Release|ARM.Deploy.0 = Release|ARM
		{1EDECB53-3D7E-48FE-A6EA-60643AD571F0}.Release|iPhone.ActiveCfg = Release|x86
		{1EDECB53-3D7E-48FE-A6EA-60643AD571F0}.Release|iPhone.Build.0 = Release|x86
		{1EDECB53-3D7E-48FE-A6EA-60643AD571F0}.Release|iPhone.Deploy.0 = Release|x86
		{1EDECB53-3D7E-48FE-A6EA-60643AD571F0}.Release|iPhoneSimulator.ActiveCfg = Release|x86
		{1EDECB53-3D7E-48FE-A6EA-60643AD571F0}.Release|iPhoneSimulator.Build.0 = Release|x86
		{1EDECB53-3D7E-48FE-A6EA-60643AD571F0}.Release|iPhoneSimulator.Deploy.0 = Release|x86
		{1EDECB53-3D7E-48FE-A6EA-60643AD571F0}.Release|x64.ActiveCfg = Release|x64
		{1EDECB53-3D7E-48FE-A6EA-60643AD571F0}.Release|x64.Build.0 = Release|x64
		{1EDECB53-3D7E-48FE-A6EA-60643AD571F0}.Release|x64.Deploy.0 = Release|x64
		{1EDECB53-3D7E-48FE-A6EA-60643AD571F0}.Release|x86.ActiveCfg = Release|x86
		{1EDECB53-3D7E-48FE-A6EA-60643AD571F0}.Release|x86.Build.0 = Release|x86
		{1EDECB53-3D7E-48FE-A6EA-60643AD571F0}.Release|x86.Deploy.0 = Release|x86
		{BA928532-B5C8-487A-AAEF-62BD49929470}.Debug|Any CPU.ActiveCfg = Debug|Any CPU
		{BA928532-B5C8-487A-AAEF-62BD49929470}.Debug|Any CPU.Build.0 = Debug|Any CPU
		{BA928532-B5C8-487A-AAEF-62BD49929470}.Debug|Any CPU.Deploy.0 = Debug|Any CPU
		{BA928532-B5C8-487A-AAEF-62BD49929470}.Debug|ARM.ActiveCfg = Debug|Any CPU
		{BA928532-B5C8-487A-AAEF-62BD49929470}.Debug|ARM.Build.0 = Debug|Any CPU
		{BA928532-B5C8-487A-AAEF-62BD49929470}.Debug|ARM.Deploy.0 = Debug|Any CPU
		{BA928532-B5C8-487A-AAEF-62BD49929470}.Debug|iPhone.ActiveCfg = Debug|Any CPU
		{BA928532-B5C8-487A-AAEF-62BD49929470}.Debug|iPhone.Build.0 = Debug|Any CPU
		{BA928532-B5C8-487A-AAEF-62BD49929470}.Debug|iPhone.Deploy.0 = Debug|Any CPU
		{BA928532-B5C8-487A-AAEF-62BD49929470}.Debug|iPhoneSimulator.ActiveCfg = Debug|Any CPU
		{BA928532-B5C8-487A-AAEF-62BD49929470}.Debug|iPhoneSimulator.Build.0 = Debug|Any CPU
		{BA928532-B5C8-487A-AAEF-62BD49929470}.Debug|iPhoneSimulator.Deploy.0 = Debug|Any CPU
		{BA928532-B5C8-487A-AAEF-62BD49929470}.Debug|x64.ActiveCfg = Debug|Any CPU
		{BA928532-B5C8-487A-AAEF-62BD49929470}.Debug|x64.Build.0 = Debug|Any CPU
		{BA928532-B5C8-487A-AAEF-62BD49929470}.Debug|x64.Deploy.0 = Debug|Any CPU
		{BA928532-B5C8-487A-AAEF-62BD49929470}.Debug|x86.ActiveCfg = Debug|Any CPU
		{BA928532-B5C8-487A-AAEF-62BD49929470}.Debug|x86.Build.0 = Debug|Any CPU
		{BA928532-B5C8-487A-AAEF-62BD49929470}.Debug|x86.Deploy.0 = Debug|Any CPU
		{BA928532-B5C8-487A-AAEF-62BD49929470}.Release|Any CPU.ActiveCfg = Release|Any CPU
		{BA928532-B5C8-487A-AAEF-62BD49929470}.Release|Any CPU.Build.0 = Release|Any CPU
		{BA928532-B5C8-487A-AAEF-62BD49929470}.Release|Any CPU.Deploy.0 = Release|Any CPU
		{BA928532-B5C8-487A-AAEF-62BD49929470}.Release|ARM.ActiveCfg = Release|Any CPU
		{BA928532-B5C8-487A-AAEF-62BD49929470}.Release|ARM.Build.0 = Release|Any CPU
		{BA928532-B5C8-487A-AAEF-62BD49929470}.Release|ARM.Deploy.0 = Release|Any CPU
		{BA928532-B5C8-487A-AAEF-62BD49929470}.Release|iPhone.ActiveCfg = Release|Any CPU
		{BA928532-B5C8-487A-AAEF-62BD49929470}.Release|iPhone.Build.0 = Release|Any CPU
		{BA928532-B5C8-487A-AAEF-62BD49929470}.Release|iPhone.Deploy.0 = Release|Any CPU
		{BA928532-B5C8-487A-AAEF-62BD49929470}.Release|iPhoneSimulator.ActiveCfg = Release|Any CPU
		{BA928532-B5C8-487A-AAEF-62BD49929470}.Release|iPhoneSimulator.Build.0 = Release|Any CPU
		{BA928532-B5C8-487A-AAEF-62BD49929470}.Release|iPhoneSimulator.Deploy.0 = Release|Any CPU
		{BA928532-B5C8-487A-AAEF-62BD49929470}.Release|x64.ActiveCfg = Release|Any CPU
		{BA928532-B5C8-487A-AAEF-62BD49929470}.Release|x64.Build.0 = Release|Any CPU
		{BA928532-B5C8-487A-AAEF-62BD49929470}.Release|x64.Deploy.0 = Release|Any CPU
		{BA928532-B5C8-487A-AAEF-62BD49929470}.Release|x86.ActiveCfg = Release|Any CPU
		{BA928532-B5C8-487A-AAEF-62BD49929470}.Release|x86.Build.0 = Release|Any CPU
		{BA928532-B5C8-487A-AAEF-62BD49929470}.Release|x86.Deploy.0 = Release|Any CPU
		{6AA3301E-54BD-4249-9BED-5E18594E1D97}.Debug|Any CPU.ActiveCfg = Debug|iPhone
		{6AA3301E-54BD-4249-9BED-5E18594E1D97}.Debug|Any CPU.Build.0 = Debug|iPhone
		{6AA3301E-54BD-4249-9BED-5E18594E1D97}.Debug|Any CPU.Deploy.0 = Debug|iPhone
		{6AA3301E-54BD-4249-9BED-5E18594E1D97}.Debug|ARM.ActiveCfg = Debug|iPhone
		{6AA3301E-54BD-4249-9BED-5E18594E1D97}.Debug|ARM.Build.0 = Debug|iPhone
		{6AA3301E-54BD-4249-9BED-5E18594E1D97}.Debug|ARM.Deploy.0 = Debug|iPhone
		{6AA3301E-54BD-4249-9BED-5E18594E1D97}.Debug|iPhone.ActiveCfg = Debug|iPhone
		{6AA3301E-54BD-4249-9BED-5E18594E1D97}.Debug|iPhone.Build.0 = Debug|iPhone
		{6AA3301E-54BD-4249-9BED-5E18594E1D97}.Debug|iPhone.Deploy.0 = Debug|iPhone
		{6AA3301E-54BD-4249-9BED-5E18594E1D97}.Debug|iPhoneSimulator.ActiveCfg = Debug|iPhoneSimulator
		{6AA3301E-54BD-4249-9BED-5E18594E1D97}.Debug|iPhoneSimulator.Build.0 = Debug|iPhoneSimulator
		{6AA3301E-54BD-4249-9BED-5E18594E1D97}.Debug|iPhoneSimulator.Deploy.0 = Debug|iPhoneSimulator
		{6AA3301E-54BD-4249-9BED-5E18594E1D97}.Debug|x64.ActiveCfg = Debug|iPhone
		{6AA3301E-54BD-4249-9BED-5E18594E1D97}.Debug|x64.Build.0 = Debug|iPhone
		{6AA3301E-54BD-4249-9BED-5E18594E1D97}.Debug|x64.Deploy.0 = Debug|iPhone
		{6AA3301E-54BD-4249-9BED-5E18594E1D97}.Debug|x86.ActiveCfg = Debug|iPhone
		{6AA3301E-54BD-4249-9BED-5E18594E1D97}.Debug|x86.Build.0 = Debug|iPhone
		{6AA3301E-54BD-4249-9BED-5E18594E1D97}.Debug|x86.Deploy.0 = Debug|iPhone
		{6AA3301E-54BD-4249-9BED-5E18594E1D97}.Release|Any CPU.ActiveCfg = Release|iPhone
		{6AA3301E-54BD-4249-9BED-5E18594E1D97}.Release|Any CPU.Build.0 = Release|iPhone
		{6AA3301E-54BD-4249-9BED-5E18594E1D97}.Release|Any CPU.Deploy.0 = Release|iPhone
		{6AA3301E-54BD-4249-9BED-5E18594E1D97}.Release|ARM.ActiveCfg = Release|iPhone
		{6AA3301E-54BD-4249-9BED-5E18594E1D97}.Release|ARM.Build.0 = Release|iPhone
		{6AA3301E-54BD-4249-9BED-5E18594E1D97}.Release|ARM.Deploy.0 = Release|iPhone
		{6AA3301E-54BD-4249-9BED-5E18594E1D97}.Release|iPhone.ActiveCfg = Release|iPhone
		{6AA3301E-54BD-4249-9BED-5E18594E1D97}.Release|iPhone.Build.0 = Release|iPhone
		{6AA3301E-54BD-4249-9BED-5E18594E1D97}.Release|iPhone.Deploy.0 = Release|iPhone
		{6AA3301E-54BD-4249-9BED-5E18594E1D97}.Release|iPhoneSimulator.ActiveCfg = Release|iPhoneSimulator
		{6AA3301E-54BD-4249-9BED-5E18594E1D97}.Release|iPhoneSimulator.Build.0 = Release|iPhoneSimulator
		{6AA3301E-54BD-4249-9BED-5E18594E1D97}.Release|iPhoneSimulator.Deploy.0 = Release|iPhoneSimulator
		{6AA3301E-54BD-4249-9BED-5E18594E1D97}.Release|x64.ActiveCfg = Release|iPhone
		{6AA3301E-54BD-4249-9BED-5E18594E1D97}.Release|x64.Build.0 = Release|iPhone
		{6AA3301E-54BD-4249-9BED-5E18594E1D97}.Release|x64.Deploy.0 = Release|iPhone
		{6AA3301E-54BD-4249-9BED-5E18594E1D97}.Release|x86.ActiveCfg = Release|iPhone
		{6AA3301E-54BD-4249-9BED-5E18594E1D97}.Release|x86.Build.0 = Release|iPhone
		{6AA3301E-54BD-4249-9BED-5E18594E1D97}.Release|x86.Deploy.0 = Release|iPhone
		{072D1778-8B19-4173-8DFA-215C959DF4AB}.Debug|Any CPU.ActiveCfg = Debug|Any CPU
		{072D1778-8B19-4173-8DFA-215C959DF4AB}.Debug|Any CPU.Build.0 = Debug|Any CPU
		{072D1778-8B19-4173-8DFA-215C959DF4AB}.Debug|Any CPU.Deploy.0 = Debug|Any CPU
		{072D1778-8B19-4173-8DFA-215C959DF4AB}.Debug|ARM.ActiveCfg = Debug|Any CPU
		{072D1778-8B19-4173-8DFA-215C959DF4AB}.Debug|ARM.Build.0 = Debug|Any CPU
		{072D1778-8B19-4173-8DFA-215C959DF4AB}.Debug|ARM.Deploy.0 = Debug|Any CPU
		{072D1778-8B19-4173-8DFA-215C959DF4AB}.Debug|iPhone.ActiveCfg = Debug|Any CPU
		{072D1778-8B19-4173-8DFA-215C959DF4AB}.Debug|iPhone.Build.0 = Debug|Any CPU
		{072D1778-8B19-4173-8DFA-215C959DF4AB}.Debug|iPhone.Deploy.0 = Debug|Any CPU
		{072D1778-8B19-4173-8DFA-215C959DF4AB}.Debug|iPhoneSimulator.ActiveCfg = Debug|Any CPU
		{072D1778-8B19-4173-8DFA-215C959DF4AB}.Debug|iPhoneSimulator.Build.0 = Debug|Any CPU
		{072D1778-8B19-4173-8DFA-215C959DF4AB}.Debug|iPhoneSimulator.Deploy.0 = Debug|Any CPU
		{072D1778-8B19-4173-8DFA-215C959DF4AB}.Debug|x64.ActiveCfg = Debug|Any CPU
		{072D1778-8B19-4173-8DFA-215C959DF4AB}.Debug|x64.Build.0 = Debug|Any CPU
		{072D1778-8B19-4173-8DFA-215C959DF4AB}.Debug|x64.Deploy.0 = Debug|Any CPU
		{072D1778-8B19-4173-8DFA-215C959DF4AB}.Debug|x86.ActiveCfg = Debug|Any CPU
		{072D1778-8B19-4173-8DFA-215C959DF4AB}.Debug|x86.Build.0 = Debug|Any CPU
		{072D1778-8B19-4173-8DFA-215C959DF4AB}.Debug|x86.Deploy.0 = Debug|Any CPU
		{072D1778-8B19-4173-8DFA-215C959DF4AB}.Release|Any CPU.ActiveCfg = Release|Any CPU
		{072D1778-8B19-4173-8DFA-215C959DF4AB}.Release|Any CPU.Build.0 = Release|Any CPU
		{072D1778-8B19-4173-8DFA-215C959DF4AB}.Release|Any CPU.Deploy.0 = Release|Any CPU
		{072D1778-8B19-4173-8DFA-215C959DF4AB}.Release|ARM.ActiveCfg = Release|Any CPU
		{072D1778-8B19-4173-8DFA-215C959DF4AB}.Release|ARM.Build.0 = Release|Any CPU
		{072D1778-8B19-4173-8DFA-215C959DF4AB}.Release|ARM.Deploy.0 = Release|Any CPU
		{072D1778-8B19-4173-8DFA-215C959DF4AB}.Release|iPhone.ActiveCfg = Release|Any CPU
		{072D1778-8B19-4173-8DFA-215C959DF4AB}.Release|iPhone.Build.0 = Release|Any CPU
		{072D1778-8B19-4173-8DFA-215C959DF4AB}.Release|iPhone.Deploy.0 = Release|Any CPU
		{072D1778-8B19-4173-8DFA-215C959DF4AB}.Release|iPhoneSimulator.ActiveCfg = Release|Any CPU
		{072D1778-8B19-4173-8DFA-215C959DF4AB}.Release|iPhoneSimulator.Build.0 = Release|Any CPU
		{072D1778-8B19-4173-8DFA-215C959DF4AB}.Release|iPhoneSimulator.Deploy.0 = Release|Any CPU
		{072D1778-8B19-4173-8DFA-215C959DF4AB}.Release|x64.ActiveCfg = Release|Any CPU
		{072D1778-8B19-4173-8DFA-215C959DF4AB}.Release|x64.Build.0 = Release|Any CPU
		{072D1778-8B19-4173-8DFA-215C959DF4AB}.Release|x64.Deploy.0 = Release|Any CPU
		{072D1778-8B19-4173-8DFA-215C959DF4AB}.Release|x86.ActiveCfg = Release|Any CPU
		{072D1778-8B19-4173-8DFA-215C959DF4AB}.Release|x86.Build.0 = Release|Any CPU
		{072D1778-8B19-4173-8DFA-215C959DF4AB}.Release|x86.Deploy.0 = Release|Any CPU
	EndGlobalSection
	GlobalSection(SolutionProperties) = preSolution
		HideSolutionNode = FALSE
	EndGlobalSection
	GlobalSection(ExtensibilityGlobals) = postSolution
		SolutionGuid = {F697A7DA-A082-4D23-9E0E-26B6972DBE50}
	EndGlobalSection
EndGlobal
